
Microsoft Visual Studio Solution File, Format Version 12.00
# Visual Studio Version 17
VisualStudioVersion = 17.14.36623.8 d17.14
MinimumVisualStudioVersion = 10.0.40219.1
Project("{FAE04EC0-301F-11D3-BF4B-00C04F79EFBC}") = "DeliverySystem", "DeliverySystem\DeliverySystem.csproj", "{43A926BB-8563-4129-841B-C2C935629EA5}"
EndProject
Project("{FAE04EC0-301F-11D3-BF4B-00C04F79EFBC}") = "DeliverySystem.Tests", "DeliverySystem.Tests\DeliverySystem.Tests.csproj", "{5B71C658-20CD-2A70-F718-B1AB0AFD53ED}"
EndProject
Global
	GlobalSection(SolutionConfigurationPlatforms) = preSolution
		Debug|Any CPU = Debug|Any CPU
		Release|Any CPU = Release|Any CPU
	EndGlobalSection
	GlobalSection(ProjectConfigurationPlatforms) = postSolution
		{43A926BB-8563-4129-841B-C2C935629EA5}.Debug|Any CPU.ActiveCfg = Debug|Any CPU
		{43A926BB-8563-4129-841B-C2C935629EA5}.Debug|Any CPU.Build.0 = Debug|Any CPU
		{43A926BB-8563-4129-841B-C2C935629EA5}.Release|Any CPU.ActiveCfg = Release|Any CPU
		{43A926BB-8563-4129-841B-C2C935629EA5}.Release|Any CPU.Build.0 = Release|Any CPU
		{5B71C658-20CD-2A70-F718-B1AB0AFD53ED}.Debug|Any CPU.ActiveCfg = Debug|Any CPU
		{5B71C658-20CD-2A70-F718-B1AB0AFD53ED}.Debug|Any CPU.Build.0 = Debug|Any CPU
		{5B71C658-20CD-2A70-F718-B1AB0AFD53ED}.Release|Any CPU.ActiveCfg = Release|Any CPU
		{5B71C658-20CD-2A70-F718-B1AB0AFD53ED}.Release|Any CPU.Build.0 = Release|Any CPU
	EndGlobalSection
	GlobalSection(SolutionProperties) = preSolution
		HideSolutionNode = FALSE
	EndGlobalSection
	GlobalSection(ExtensibilityGlobals) = postSolution
		SolutionGuid = {84D13221-0F5D-49D3-9E74-40314535F9B3}
	EndGlobalSection
EndGlobal
